<?xml version="1.0" encoding="utf-8"?>
<Project ToolsVersion="4.0" xmlns="http://schemas.microsoft.com/developer/msbuild/2003">
  <ItemGroup>
    <Filter Include="Task">
      <UniqueIdentifier>{4FC737F1-C7A5-4376-A066-2A32D752A2FF}</UniqueIdentifier>
      <Extensions>cpp;c;cc;cxx;def;odl;idl;hpj;bat;asm;asmx</Extensions>
    </Filter>
    <Filter Include="System">
      <UniqueIdentifier>{b62d9bf3-85bb-40d7-8d9e-a50722211543}</UniqueIdentifier>
    </Filter>
    <Filter Include="System\System">
      <UniqueIdentifier>{8bbf3bd2-baa7-4ca3-a91b-8ad0c2e46790}</UniqueIdentifier>
    </Filter>
    <Filter Include="System\System\TaskSystem">
      <UniqueIdentifier>{269b6ff9-6fd9-4bf1-8afd-77d94eaeac39}</UniqueIdentifier>
    </Filter>
    <Filter Include="System\Utility">
      <UniqueIdentifier>{1b1dd403-1bbf-41cb-aa54-5db5c0f85585}</UniqueIdentifier>
    </Filter>
    <Filter Include="System\Utility\Image">
      <UniqueIdentifier>{6efafe19-41e4-4454-b93c-354154564618}</UniqueIdentifier>
    </Filter>
    <Filter Include="System\Utility\Input">
      <UniqueIdentifier>{64d89c6f-b34c-41c4-8172-dc83545166c7}</UniqueIdentifier>
    </Filter>
    <Filter Include="System\Utility\Math">
      <UniqueIdentifier>{6e8c700e-9550-4c86-878c-795b1cb2dd3a}</UniqueIdentifier>
    </Filter>
    <Filter Include="System\Utility\Easing">
      <UniqueIdentifier>{f55b1e2c-1184-45d6-a40a-e501e52d2921}</UniqueIdentifier>
    </Filter>
    <Filter Include="System\Utility\Counter">
      <UniqueIdentifier>{415a0a59-ec35-4c8f-b4bd-59fb566646c5}</UniqueIdentifier>
    </Filter>
    <Filter Include="System\Utility\Shader">
      <UniqueIdentifier>{6b6bb59c-7666-4806-a556-f1e63f42dec1}</UniqueIdentifier>
    </Filter>
    <Filter Include="System\Utility\Etc">
      <UniqueIdentifier>{89f5544e-2450-4396-826c-ad849729a55c}</UniqueIdentifier>
    </Filter>
    <Filter Include="System\Utility\Fps">
      <UniqueIdentifier>{7a4fd94a-aca8-407e-b64d-4af595d7085c}</UniqueIdentifier>
    </Filter>
    <Filter Include="Resource">
      <UniqueIdentifier>{b06ba40b-9643-418a-8eea-03cd1f428db5}</UniqueIdentifier>
    </Filter>
  </ItemGroup>
  <ItemGroup>
    <ClCompile Include="src\GameSystem.cpp">
      <Filter>System\System</Filter>
    </ClCompile>
    <ClCompile Include="src\TaskAbstract.cpp">
      <Filter>System\System\TaskSystem</Filter>
    </ClCompile>
    <ClCompile Include="src\TaskSystem.cpp">
      <Filter>System\System\TaskSystem</Filter>
    </ClCompile>
    <ClCompile Include="src\ImageLoader.cpp">
      <Filter>System\Utility\Image</Filter>
    </ClCompile>
    <ClCompile Include="src\ImageDrawer.cpp">
      <Filter>System\Utility\Image</Filter>
    </ClCompile>
    <ClCompile Include="src\WinMain.cpp">
      <Filter>System</Filter>
    </ClCompile>
    <ClCompile Include="src\Math.cpp">
      <Filter>System\Utility\Math</Filter>
    </ClCompile>
    <ClCompile Include="src\Easing.cpp">
      <Filter>System\Utility\Easing</Filter>
    </ClCompile>
    <ClCompile Include="src\ShaderManager.cpp">
      <Filter>System\Utility\Shader</Filter>
    </ClCompile>
    <ClCompile Include="src\PadInputConfig.cpp">
      <Filter>System\Utility\Input</Filter>
    </ClCompile>
    <ClCompile Include="src\InputDXL.cpp">
      <Filter>System\Utility\Input</Filter>
    </ClCompile>
    <ClCompile Include="src\Fps.cpp">
      <Filter>System\Utility\Fps</Filter>
    </ClCompile>
    <ClCompile Include="src\Utility.cpp">
      <Filter>System\Utility\Etc</Filter>
    </ClCompile>
    <ClCompile Include="src\Task_Test.cpp">
      <Filter>Task</Filter>
    </ClCompile>
  </ItemGroup>
  <ItemGroup>
    <ClInclude Include="src\SystemDefine.h">
      <Filter>System\System</Filter>
    </ClInclude>
    <ClInclude Include="src\GameSystem.h">
      <Filter>System\System</Filter>
    </ClInclude>
    <ClInclude Include="src\TaskAbstract.h">
      <Filter>System\System\TaskSystem</Filter>
    </ClInclude>
    <ClInclude Include="src\TaskSystem.h">
      <Filter>System\System\TaskSystem</Filter>
    </ClInclude>
    <ClInclude Include="src\ImageLoader.h">
      <Filter>System\Utility\Image</Filter>
    </ClInclude>
    <ClInclude Include="src\ImageDrawer.h">
      <Filter>System\Utility\Image</Filter>
    </ClInclude>
    <ClInclude Include="src\Math.h">
      <Filter>System\Utility\Math</Filter>
    </ClInclude>
    <ClInclude Include="src\Counter.hpp">
      <Filter>System\Utility\Counter</Filter>
    </ClInclude>
    <ClInclude Include="src\Easing.h">
      <Filter>System\Utility\Easing</Filter>
    </ClInclude>
    <ClInclude Include="src\ShaderManager.h">
      <Filter>System\Utility\Shader</Filter>
    </ClInclude>
    <ClInclude Include="src\PadInputConfig.h">
      <Filter>System\Utility\Input</Filter>
    </ClInclude>
    <ClInclude Include="src\InputDXL.h">
      <Filter>System\Utility\Input</Filter>
    </ClInclude>
    <ClInclude Include="src\Fps.h">
      <Filter>System\Utility\Fps</Filter>
    </ClInclude>
    <ClInclude Include="src\Utility.h">
      <Filter>System\Utility\Etc</Filter>
    </ClInclude>
    <ClInclude Include="src\Task_Test.h">
      <Filter>Task</Filter>
    </ClInclude>
  </ItemGroup>
  <ItemGroup>
    <ResourceCompile Include="data\icon\icon.rc">
      <Filter>Resource</Filter>
    </ResourceCompile>
  </ItemGroup>
</Project>