<?xml version="1.0" encoding="utf-8"?>
<Project ToolsVersion="4.0" xmlns="http://schemas.microsoft.com/developer/msbuild/2003">
  <ItemGroup>
    <Filter Include="ソース ファイル">
      <UniqueIdentifier>{4FC737F1-C7A5-4376-A066-2A32D752A2FF}</UniqueIdentifier>
      <Extensions>cpp;c;cc;cxx;def;odl;idl;hpj;bat;asm;asmx</Extensions>
    </Filter>
    <Filter Include="ソース ファイル\Task_Scene%28Test%29">
      <UniqueIdentifier>{1644d8d5-b98e-4e7a-be91-545459ba8508}</UniqueIdentifier>
    </Filter>
    <Filter Include="システム">
      <UniqueIdentifier>{b62d9bf3-85bb-40d7-8d9e-a50722211543}</UniqueIdentifier>
    </Filter>
    <Filter Include="システム\System">
      <UniqueIdentifier>{8bbf3bd2-baa7-4ca3-a91b-8ad0c2e46790}</UniqueIdentifier>
    </Filter>
    <Filter Include="システム\Utility">
      <UniqueIdentifier>{1b1dd403-1bbf-41cb-aa54-5db5c0f85585}</UniqueIdentifier>
    </Filter>
    <Filter Include="システム\Utility\Image">
      <UniqueIdentifier>{6efafe19-41e4-4454-b93c-354154564618}</UniqueIdentifier>
    </Filter>
    <Filter Include="システム\Utility\Input">
      <UniqueIdentifier>{64d89c6f-b34c-41c4-8172-dc83545166c7}</UniqueIdentifier>
    </Filter>
    <Filter Include="システム\System\TaskSystem">
      <UniqueIdentifier>{269b6ff9-6fd9-4bf1-8afd-77d94eaeac39}</UniqueIdentifier>
    </Filter>
    <Filter Include="システム\Utility\Math">
      <UniqueIdentifier>{6e8c700e-9550-4c86-878c-795b1cb2dd3a}</UniqueIdentifier>
    </Filter>
    <Filter Include="システム\Utility\UtilityFunctions">
      <UniqueIdentifier>{89f5544e-2450-4396-826c-ad849729a55c}</UniqueIdentifier>
    </Filter>
    <Filter Include="リソースファイル">
      <UniqueIdentifier>{b06ba40b-9643-418a-8eea-03cd1f428db5}</UniqueIdentifier>
    </Filter>
    <Filter Include="システム\Utility\Easing">
      <UniqueIdentifier>{f55b1e2c-1184-45d6-a40a-e501e52d2921}</UniqueIdentifier>
    </Filter>
    <Filter Include="システム\Utility\Counter">
      <UniqueIdentifier>{415a0a59-ec35-4c8f-b4bd-59fb566646c5}</UniqueIdentifier>
    </Filter>
  </ItemGroup>
  <ItemGroup>
    <ClCompile Include="src\GameSystem.cpp">
      <Filter>システム\System</Filter>
    </ClCompile>
    <ClCompile Include="src\InputState.cpp">
      <Filter>システム\Utility\Input</Filter>
    </ClCompile>
    <ClCompile Include="src\TaskAbstract.cpp">
      <Filter>システム\System\TaskSystem</Filter>
    </ClCompile>
    <ClCompile Include="src\Fps.cpp">
      <Filter>システム\System</Filter>
    </ClCompile>
    <ClCompile Include="src\TaskSystem.cpp">
      <Filter>システム\System\TaskSystem</Filter>
    </ClCompile>
    <ClCompile Include="src\ImageLoader.cpp">
      <Filter>システム\Utility\Image</Filter>
    </ClCompile>
    <ClCompile Include="src\ImageDrawer.cpp">
      <Filter>システム\Utility\Image</Filter>
    </ClCompile>
    <ClCompile Include="src\Task_TestScene.cpp">
      <Filter>ソース ファイル\Task_Scene%28Test%29</Filter>
    </ClCompile>
    <ClCompile Include="src\WinMain.cpp">
      <Filter>システム</Filter>
    </ClCompile>
    <ClCompile Include="src\Math.cpp">
      <Filter>システム\Utility\Math</Filter>
    </ClCompile>
    <ClCompile Include="src\UtilityFunctions.cpp">
      <Filter>システム\Utility\UtilityFunctions</Filter>
    </ClCompile>
    <ClCompile Include="src\Easing.cpp">
      <Filter>システム\Utility\Easing</Filter>
    </ClCompile>
  </ItemGroup>
  <ItemGroup>
    <ClInclude Include="src\SystemDefine.h">
      <Filter>システム\System</Filter>
    </ClInclude>
    <ClInclude Include="src\GameSystem.h">
      <Filter>システム\System</Filter>
    </ClInclude>
    <ClInclude Include="src\InputState.h">
      <Filter>システム\Utility\Input</Filter>
    </ClInclude>
    <ClInclude Include="src\TaskAbstract.h">
      <Filter>システム\System\TaskSystem</Filter>
    </ClInclude>
    <ClInclude Include="src\Fps.h">
      <Filter>システム\System</Filter>
    </ClInclude>
    <ClInclude Include="src\TaskSystem.h">
      <Filter>システム\System\TaskSystem</Filter>
    </ClInclude>
    <ClInclude Include="src\ImageLoader.h">
      <Filter>システム\Utility\Image</Filter>
    </ClInclude>
    <ClInclude Include="src\ImageDrawer.h">
      <Filter>システム\Utility\Image</Filter>
    </ClInclude>
    <ClInclude Include="src\Task_TestScene.h">
      <Filter>ソース ファイル\Task_Scene%28Test%29</Filter>
    </ClInclude>
    <ClInclude Include="src\Math.h">
      <Filter>システム\Utility\Math</Filter>
    </ClInclude>
    <ClInclude Include="src\UtilityFunctions.h">
      <Filter>システム\Utility\UtilityFunctions</Filter>
    </ClInclude>
    <ClInclude Include="src\Counter.hpp">
      <Filter>システム\Utility\Counter</Filter>
    </ClInclude>
    <ClInclude Include="src\Easing.h">
      <Filter>システム\Utility\Easing</Filter>
    </ClInclude>
  </ItemGroup>
  <ItemGroup>
    <ResourceCompile Include="data\icon\icon.rc">
      <Filter>リソースファイル</Filter>
    </ResourceCompile>
  </ItemGroup>
</Project>